
Microsoft Visual Studio Solution File, Format Version 12.00
# Visual Studio Version 17
VisualStudioVersion = 17.14.36408.4 d17.14
MinimumVisualStudioVersion = 10.0.40219.1
Project("{FAE04EC0-301F-11D3-BF4B-00C04F79EFBC}") = "PROYECTO FINAL", "PROYECTO FINAL\PROYECTO FINAL.csproj", "{253796CC-124B-413A-B0BD-6DA2A1AA53C1}"
EndProject
Global
	GlobalSection(SolutionConfigurationPlatforms) = preSolution
		Debug|Any CPU = Debug|Any CPU
		Release|Any CPU = Release|Any CPU
	EndGlobalSection
	GlobalSection(ProjectConfigurationPlatforms) = postSolution
		{253796CC-124B-413A-B0BD-6DA2A1AA53C1}.Debug|Any CPU.ActiveCfg = Debug|Any CPU
		{253796CC-124B-413A-B0BD-6DA2A1AA53C1}.Debug|Any CPU.Build.0 = Debug|Any CPU
		{253796CC-124B-413A-B0BD-6DA2A1AA53C1}.Release|Any CPU.ActiveCfg = Release|Any CPU
		{253796CC-124B-413A-B0BD-6DA2A1AA53C1}.Release|Any CPU.Build.0 = Release|Any CPU
	EndGlobalSection
	GlobalSection(SolutionProperties) = preSolution
		HideSolutionNode = FALSE
	EndGlobalSection
	GlobalSection(ExtensibilityGlobals) = postSolution
		SolutionGuid = {B02CF20A-4CB9-4563-9E14-4D24D2BFDBB4}
	EndGlobalSection
EndGlobal
